
Microsoft Visual Studio Solution File, Format Version 12.00
# Visual Studio 15
VisualStudioVersion = 15.0.26430.6
MinimumVisualStudioVersion = 10.0.40219.1
Project("{FAE04EC0-301F-11D3-BF4B-00C04F79EFBC}") = "Figuras_Geometricas", "Figuras_Geometricas\Figuras_Geometricas.csproj", "{12BFD624-5543-4BB3-9B2B-25DFE629E97C}"
EndProject
Global
	GlobalSection(SolutionConfigurationPlatforms) = preSolution
		Debug|Any CPU = Debug|Any CPU
		Release|Any CPU = Release|Any CPU
	EndGlobalSection
	GlobalSection(ProjectConfigurationPlatforms) = postSolution
		{12BFD624-5543-4BB3-9B2B-25DFE629E97C}.Debug|Any CPU.ActiveCfg = Debug|Any CPU
		{12BFD624-5543-4BB3-9B2B-25DFE629E97C}.Debug|Any CPU.Build.0 = Debug|Any CPU
		{12BFD624-5543-4BB3-9B2B-25DFE629E97C}.Release|Any CPU.ActiveCfg = Release|Any CPU
		{12BFD624-5543-4BB3-9B2B-25DFE629E97C}.Release|Any CPU.Build.0 = Release|Any CPU
	EndGlobalSection
	GlobalSection(SolutionProperties) = preSolution
		HideSolutionNode = FALSE
	EndGlobalSection
EndGlobal
